schema: '2.0'
stages:
  prepare:
    cmd: echo "Verificando que los datos existen..."
    deps:
    - path: data/iris_dataset.csv
      hash: md5
      md5: 9438677fde657a43aee133035a774153
      size: 2795
  train:
    cmd: python train.py --n_estimators 300
    deps:
    - path: data/iris_dataset.csv
      hash: md5
      md5: 9438677fde657a43aee133035a774153
      size: 2795
    - path: requirements.txt
      hash: md5
      md5: c69a7555bc1cb45681484120c5663f98
      size: 140
    - path: train.py
      hash: md5
      md5: 9f12bff13c1beb68a45a6630318b300f
      size: 2937
    params:
      params.yaml:
        train.n_estimators: 300
    outs:
    - path: confusion_matrix.png
      hash: md5
      md5: 2c14176b634821a95636ec372dd5b3e3
      size: 19339
    - path: mlflow_metrics.json
      hash: md5
      md5: c23a4b845cfcb729bc77225aaa6b5134
      size: 32
    - path: model.pkl
      hash: md5
      md5: c5ab02a7d49cffa74bca540f05300a0a
      size: 602169
